// !$*UTF8*$!
{
	archiveVersion = 1;
	classes = {
	};
	objectVersion = 50;
	objects = {

/* Begin PBXBuildFile section */
		0072B6C6263187E8000E4BFB /* AppDelegate.swift in Sources */ = {isa = PBXBuildFile; fileRef = 0072B6C5263187E8000E4BFB /* AppDelegate.swift */; };
		0072B6C8263187E8000E4BFB /* SceneDelegate.swift in Sources */ = {isa = PBXBuildFile; fileRef = 0072B6C7263187E8000E4BFB /* SceneDelegate.swift */; };
		0072B6CA263187E8000E4BFB /* ViewController.swift in Sources */ = {isa = PBXBuildFile; fileRef = 0072B6C9263187E8000E4BFB /* ViewController.swift */; };
		0072B6CD263187E8000E4BFB /* Main.storyboard in Resources */ = {isa = PBXBuildFile; fileRef = 0072B6CB263187E8000E4BFB /* Main.storyboard */; };
		0072B6CF263187E9000E4BFB /* Assets.xcassets in Resources */ = {isa = PBXBuildFile; fileRef = 0072B6CE263187E9000E4BFB /* Assets.xcassets */; };
		0072B6D2263187E9000E4BFB /* LaunchScreen.storyboard in Resources */ = {isa = PBXBuildFile; fileRef = 0072B6D0263187E9000E4BFB /* LaunchScreen.storyboard */; };
		0072B6DD263187E9000E4BFB /* Life_CounterTests.swift in Sources */ = {isa = PBXBuildFile; fileRef = 0072B6DC263187E9000E4BFB /* Life_CounterTests.swift */; };
		0072B6E8263187E9000E4BFB /* Life_CounterUITests.swift in Sources */ = {isa = PBXBuildFile; fileRef = 0072B6E7263187E9000E4BFB /* Life_CounterUITests.swift */; };
		0072B7072638782F000E4BFB /* HistoryViewController.swift in Sources */ = {isa = PBXBuildFile; fileRef = 0072B7062638782F000E4BFB /* HistoryViewController.swift */; };
		007869D6263ABB3A00BBEF6E /* PlayerViewController.xib in Resources */ = {isa = PBXBuildFile; fileRef = 007869D5263ABB3A00BBEF6E /* PlayerViewController.xib */; };
/* End PBXBuildFile section */

/* Begin PBXContainerItemProxy section */
		0072B6D9263187E9000E4BFB /* PBXContainerItemProxy */ = {
			isa = PBXContainerItemProxy;
			containerPortal = 0072B6BA263187E8000E4BFB /* Project object */;
			proxyType = 1;
			remoteGlobalIDString = 0072B6C1263187E8000E4BFB;
			remoteInfo = "Life Counter";
		};
		0072B6E4263187E9000E4BFB /* PBXContainerItemProxy */ = {
			isa = PBXContainerItemProxy;
			containerPortal = 0072B6BA263187E8000E4BFB /* Project object */;
			proxyType = 1;
			remoteGlobalIDString = 0072B6C1263187E8000E4BFB;
			remoteInfo = "Life Counter";
		};
/* End PBXContainerItemProxy section */

/* Begin PBXFileReference section */
		0072B6C2263187E8000E4BFB /* Life Counter.app */ = {isa = PBXFileReference; explicitFileType = wrapper.application; includeInIndex = 0; path = "Life Counter.app"; sourceTree = BUILT_PRODUCTS_DIR; };
		0072B6C5263187E8000E4BFB /* AppDelegate.swift */ = {isa = PBXFileReference; lastKnownFileType = sourcecode.swift; path = AppDelegate.swift; sourceTree = "<group>"; };
		0072B6C7263187E8000E4BFB /* SceneDelegate.swift */ = {isa = PBXFileReference; lastKnownFileType = sourcecode.swift; path = SceneDelegate.swift; sourceTree = "<group>"; };
		0072B6C9263187E8000E4BFB /* ViewController.swift */ = {isa = PBXFileReference; lastKnownFileType = sourcecode.swift; path = ViewController.swift; sourceTree = "<group>"; };
		0072B6CC263187E8000E4BFB /* Base */ = {isa = PBXFileReference; lastKnownFileType = file.storyboard; name = Base; path = Base.lproj/Main.storyboard; sourceTree = "<group>"; };
		0072B6CE263187E9000E4BFB /* Assets.xcassets */ = {isa = PBXFileReference; lastKnownFileType = folder.assetcatalog; path = Assets.xcassets; sourceTree = "<group>"; };
		0072B6D1263187E9000E4BFB /* Base */ = {isa = PBXFileReference; lastKnownFileType = file.storyboard; name = Base; path = Base.lproj/LaunchScreen.storyboard; sourceTree = "<group>"; };
		0072B6D3263187E9000E4BFB /* Info.plist */ = {isa = PBXFileReference; lastKnownFileType = text.plist.xml; path = Info.plist; sourceTree = "<group>"; };
		0072B6D8263187E9000E4BFB /* Life CounterTests.xctest */ = {isa = PBXFileReference; explicitFileType = wrapper.cfbundle; includeInIndex = 0; path = "Life CounterTests.xctest"; sourceTree = BUILT_PRODUCTS_DIR; };
		0072B6DC263187E9000E4BFB /* Life_CounterTests.swift */ = {isa = PBXFileReference; lastKnownFileType = sourcecode.swift; path = Life_CounterTests.swift; sourceTree = "<group>"; };
		0072B6DE263187E9000E4BFB /* Info.plist */ = {isa = PBXFileReference; lastKnownFileType = text.plist.xml; path = Info.plist; sourceTree = "<group>"; };
		0072B6E3263187E9000E4BFB /* Life CounterUITests.xctest */ = {isa = PBXFileReference; explicitFileType = wrapper.cfbundle; includeInIndex = 0; path = "Life CounterUITests.xctest"; sourceTree = BUILT_PRODUCTS_DIR; };
		0072B6E7263187E9000E4BFB /* Life_CounterUITests.swift */ = {isa = PBXFileReference; lastKnownFileType = sourcecode.swift; path = Life_CounterUITests.swift; sourceTree = "<group>"; };
		0072B6E9263187E9000E4BFB /* Info.plist */ = {isa = PBXFileReference; lastKnownFileType = text.plist.xml; path = Info.plist; sourceTree = "<group>"; };
		0072B7062638782F000E4BFB /* HistoryViewController.swift */ = {isa = PBXFileReference; lastKnownFileType = sourcecode.swift; path = HistoryViewController.swift; sourceTree = "<group>"; };
		007869D5263ABB3A00BBEF6E /* PlayerViewController.xib */ = {isa = PBXFileReference; lastKnownFileType = file.xib; path = PlayerViewController.xib; sourceTree = "<group>"; };
/* End PBXFileReference section */

/* Begin PBXFrameworksBuildPhase section */
		0072B6BF263187E8000E4BFB /* Frameworks */ = {
			isa = PBXFrameworksBuildPhase;
			buildActionMask = 2147483647;
			files = (
			);
			runOnlyForDeploymentPostprocessing = 0;
		};
		0072B6D5263187E9000E4BFB /* Frameworks */ = {
			isa = PBXFrameworksBuildPhase;
			buildActionMask = 2147483647;
			files = (
			);
			runOnlyForDeploymentPostprocessing = 0;
		};
		0072B6E0263187E9000E4BFB /* Frameworks */ = {
			isa = PBXFrameworksBuildPhase;
			buildActionMask = 2147483647;
			files = (
			);
			runOnlyForDeploymentPostprocessing = 0;
		};
/* End PBXFrameworksBuildPhase section */

/* Begin PBXGroup section */
		0072B6B9263187E8000E4BFB = {
			isa = PBXGroup;
			children = (
				0072B6C4263187E8000E4BFB /* Life Counter */,
				0072B6DB263187E9000E4BFB /* Life CounterTests */,
				0072B6E6263187E9000E4BFB /* Life CounterUITests */,
				0072B6C3263187E8000E4BFB /* Products */,
			);
			sourceTree = "<group>";
		};
		0072B6C3263187E8000E4BFB /* Products */ = {
			isa = PBXGroup;
			children = (
				0072B6C2263187E8000E4BFB /* Life Counter.app */,
				0072B6D8263187E9000E4BFB /* Life CounterTests.xctest */,
				0072B6E3263187E9000E4BFB /* Life CounterUITests.xctest */,
			);
			name = Products;
			sourceTree = "<group>";
		};
		0072B6C4263187E8000E4BFB /* Life Counter */ = {
			isa = PBXGroup;
			children = (
				0072B6C5263187E8000E4BFB /* AppDelegate.swift */,
				0072B6C7263187E8000E4BFB /* SceneDelegate.swift */,
				0072B6C9263187E8000E4BFB /* ViewController.swift */,
				0072B6CB263187E8000E4BFB /* Main.storyboard */,
				0072B6CE263187E9000E4BFB /* Assets.xcassets */,
				0072B6D0263187E9000E4BFB /* LaunchScreen.storyboard */,
				0072B6D3263187E9000E4BFB /* Info.plist */,
				0072B7062638782F000E4BFB /* HistoryViewController.swift */,
				007869D5263ABB3A00BBEF6E /* PlayerViewController.xib */,
			);
			path = "Life Counter";
			sourceTree = "<group>";
		};
		0072B6DB263187E9000E4BFB /* Life CounterTests */ = {
			isa = PBXGroup;
			children = (
				0072B6DC263187E9000E4BFB /* Life_CounterTests.swift */,
				0072B6DE263187E9000E4BFB /* Info.plist */,
			);
			path = "Life CounterTests";
			sourceTree = "<group>";
		};
		0072B6E6263187E9000E4BFB /* Life CounterUITests */ = {
			isa = PBXGroup;
			children = (
				0072B6E7263187E9000E4BFB /* Life_CounterUITests.swift */,
				0072B6E9263187E9000E4BFB /* Info.plist */,
			);
			path = "Life CounterUITests";
			sourceTree = "<group>";
		};
/* End PBXGroup section */

/* Begin PBXNativeTarget section */
		0072B6C1263187E8000E4BFB /* Life Counter */ = {
			isa = PBXNativeTarget;
			buildConfigurationList = 0072B6EC263187E9000E4BFB /* Build configuration list for PBXNativeTarget "Life Counter" */;
			buildPhases = (
				0072B6BE263187E8000E4BFB /* Sources */,
				0072B6BF263187E8000E4BFB /* Frameworks */,
				0072B6C0263187E8000E4BFB /* Resources */,
			);
			buildRules = (
			);
			dependencies = (
			);
			name = "Life Counter";
			productName = "Life Counter";
			productReference = 0072B6C2263187E8000E4BFB /* Life Counter.app */;
			productType = "com.apple.product-type.application";
		};
		0072B6D7263187E9000E4BFB /* Life CounterTests */ = {
			isa = PBXNativeTarget;
			buildConfigurationList = 0072B6EF263187E9000E4BFB /* Build configuration list for PBXNativeTarget "Life CounterTests" */;
			buildPhases = (
				0072B6D4263187E9000E4BFB /* Sources */,
				0072B6D5263187E9000E4BFB /* Frameworks */,
				0072B6D6263187E9000E4BFB /* Resources */,
			);
			buildRules = (
			);
			dependencies = (
				0072B6DA263187E9000E4BFB /* PBXTargetDependency */,
			);
			name = "Life CounterTests";
			productName = "Life CounterTests";
			productReference = 0072B6D8263187E9000E4BFB /* Life CounterTests.xctest */;
			productType = "com.apple.product-type.bundle.unit-test";
		};
		0072B6E2263187E9000E4BFB /* Life CounterUITests */ = {
			isa = PBXNativeTarget;
			buildConfigurationList = 0072B6F2263187E9000E4BFB /* Build configuration list for PBXNativeTarget "Life CounterUITests" */;
			buildPhases = (
				0072B6DF263187E9000E4BFB /* Sources */,
				0072B6E0263187E9000E4BFB /* Frameworks */,
				0072B6E1263187E9000E4BFB /* Resources */,
			);
			buildRules = (
			);
			dependencies = (
				0072B6E5263187E9000E4BFB /* PBXTargetDependency */,
			);
			name = "Life CounterUITests";
			productName = "Life CounterUITests";
			productReference = 0072B6E3263187E9000E4BFB /* Life CounterUITests.xctest */;
			productType = "com.apple.product-type.bundle.ui-testing";
		};
/* End PBXNativeTarget section */

/* Begin PBXProject section */
		0072B6BA263187E8000E4BFB /* Project object */ = {
			isa = PBXProject;
			attributes = {
				LastSwiftUpdateCheck = 1240;
				LastUpgradeCheck = 1240;
				TargetAttributes = {
					0072B6C1263187E8000E4BFB = {
						CreatedOnToolsVersion = 12.4;
					};
					0072B6D7263187E9000E4BFB = {
						CreatedOnToolsVersion = 12.4;
						TestTargetID = 0072B6C1263187E8000E4BFB;
					};
					0072B6E2263187E9000E4BFB = {
						CreatedOnToolsVersion = 12.4;
						TestTargetID = 0072B6C1263187E8000E4BFB;
					};
				};
			};
			buildConfigurationList = 0072B6BD263187E8000E4BFB /* Build configuration list for PBXProject "Life Counter" */;
			compatibilityVersion = "Xcode 9.3";
			developmentRegion = en;
			hasScannedForEncodings = 0;
			knownRegions = (
				en,
				Base,
			);
			mainGroup = 0072B6B9263187E8000E4BFB;
			productRefGroup = 0072B6C3263187E8000E4BFB /* Products */;
			projectDirPath = "";
			projectRoot = "";
			targets = (
				0072B6C1263187E8000E4BFB /* Life Counter */,
				0072B6D7263187E9000E4BFB /* Life CounterTests */,
				0072B6E2263187E9000E4BFB /* Life CounterUITests */,
			);
		};
/* End PBXProject section */

/* Begin PBXResourcesBuildPhase section */
		0072B6C0263187E8000E4BFB /* Resources */ = {
			isa = PBXResourcesBuildPhase;
			buildActionMask = 2147483647;
			files = (
				007869D6263ABB3A00BBEF6E /* PlayerViewController.xib in Resources */,
				0072B6D2263187E9000E4BFB /* LaunchScreen.storyboard in Resources */,
				0072B6CF263187E9000E4BFB /* Assets.xcassets in Resources */,
				0072B6CD263187E8000E4BFB /* Main.storyboard in Resources */,
			);
			runOnlyForDeploymentPostprocessing = 0;
		};
		0072B6D6263187E9000E4BFB /* Resources */ = {
			isa = PBXResourcesBuildPhase;
			buildActionMask = 2147483647;
			files = (
			);
			runOnlyForDeploymentPostprocessing = 0;
		};
		0072B6E1263187E9000E4BFB /* Resources */ = {
			isa = PBXResourcesBuildPhase;
			buildActionMask = 2147483647;
			files = (
			);
			runOnlyForDeploymentPostprocessing = 0;
		};
/* End PBXResourcesBuildPhase section */

/* Begin PBXSourcesBuildPhase section */
		0072B6BE263187E8000E4BFB /* Sources */ = {
			isa = PBXSourcesBuildPhase;
			buildActionMask = 2147483647;
			files = (
				0072B6CA263187E8000E4BFB /* ViewController.swift in Sources */,
				0072B6C6263187E8000E4BFB /* AppDelegate.swift in Sources */,
				0072B6C8263187E8000E4BFB /* SceneDelegate.swift in Sources */,
				0072B7072638782F000E4BFB /* HistoryViewController.swift in Sources */,
			);
			runOnlyForDeploymentPostprocessing = 0;
		};
		0072B6D4263187E9000E4BFB /* Sources */ = {
			isa = PBXSourcesBuildPhase;
			buildActionMask = 2147483647;
			files = (
				0072B6DD263187E9000E4BFB /* Life_CounterTests.swift in Sources */,
			);
			runOnlyForDeploymentPostprocessing = 0;
		};
		0072B6DF263187E9000E4BFB /* Sources */ = {
			isa = PBXSourcesBuildPhase;
			buildActionMask = 2147483647;
			files = (
				0072B6E8263187E9000E4BFB /* Life_CounterUITests.swift in Sources */,
			);
			runOnlyForDeploymentPostprocessing = 0;
		};
/* End PBXSourcesBuildPhase section */

/* Begin PBXTargetDependency section */
		0072B6DA263187E9000E4BFB /* PBXTargetDependency */ = {
			isa = PBXTargetDependency;
			target = 0072B6C1263187E8000E4BFB /* Life Counter */;
			targetProxy = 0072B6D9263187E9000E4BFB /* PBXContainerItemProxy */;
		};
		0072B6E5263187E9000E4BFB /* PBXTargetDependency */ = {
			isa = PBXTargetDependency;
			target = 0072B6C1263187E8000E4BFB /* Life Counter */;
			targetProxy = 0072B6E4263187E9000E4BFB /* PBXContainerItemProxy */;
		};
/* End PBXTargetDependency section */

/* Begin PBXVariantGroup section */
		0072B6CB263187E8000E4BFB /* Main.storyboard */ = {
			isa = PBXVariantGroup;
			children = (
				0072B6CC263187E8000E4BFB /* Base */,
			);
			name = Main.storyboard;
			sourceTree = "<group>";
		};
		0072B6D0263187E9000E4BFB /* LaunchScreen.storyboard */ = {
			isa = PBXVariantGroup;
			children = (
				0072B6D1263187E9000E4BFB /* Base */,
			);
			name = LaunchScreen.storyboard;
			sourceTree = "<group>";
		};
/* End PBXVariantGroup section */

/* Begin XCBuildConfiguration section */
		0072B6EA263187E9000E4BFB /* Debug */ = {
			isa = XCBuildConfiguration;
			buildSettings = {
				ALWAYS_SEARCH_USER_PATHS = NO;
				CLANG_ANALYZER_NONNULL = YES;
				CLANG_ANALYZER_NUMBER_OBJECT_CONVERSION = YES_AGGRESSIVE;
				CLANG_CXX_LANGUAGE_STANDARD = "gnu++14";
				CLANG_CXX_LIBRARY = "libc++";
				CLANG_ENABLE_MODULES = YES;
				CLANG_ENABLE_OBJC_ARC = YES;
				CLANG_ENABLE_OBJC_WEAK = YES;
				CLANG_WARN_BLOCK_CAPTURE_AUTORELEASING = YES;
				CLANG_WARN_BOOL_CONVERSION = YES;
				CLANG_WARN_COMMA = YES;
				CLANG_WARN_CONSTANT_CONVERSION = YES;
				CLANG_WARN_DEPRECATED_OBJC_IMPLEMENTATIONS = YES;
				CLANG_WARN_DIRECT_OBJC_ISA_USAGE = YES_ERROR;
				CLANG_WARN_DOCUMENTATION_COMMENTS = YES;
				CLANG_WARN_EMPTY_BODY = YES;
				CLANG_WARN_ENUM_CONVERSION = YES;
				CLANG_WARN_INFINITE_RECURSION = YES;
				CLANG_WARN_INT_CONVERSION = YES;
				CLANG_WARN_NON_LITERAL_NULL_CONVERSION = YES;
				CLANG_WARN_OBJC_IMPLICIT_RETAIN_SELF = YES;
				CLANG_WARN_OBJC_LITERAL_CONVERSION = YES;
				CLANG_WARN_OBJC_ROOT_CLASS = YES_ERROR;
				CLANG_WARN_QUOTED_INCLUDE_IN_FRAMEWORK_HEADER = YES;
				CLANG_WARN_RANGE_LOOP_ANALYSIS = YES;
				CLANG_WARN_STRICT_PROTOTYPES = YES;
				CLANG_WARN_SUSPICIOUS_MOVE = YES;
				CLANG_WARN_UNGUARDED_AVAILABILITY = YES_AGGRESSIVE;
				CLANG_WARN_UNREACHABLE_CODE = YES;
				CLANG_WARN__DUPLICATE_METHOD_MATCH = YES;
				COPY_PHASE_STRIP = NO;
				DEBUG_INFORMATION_FORMAT = dwarf;
				ENABLE_STRICT_OBJC_MSGSEND = YES;
				ENABLE_TESTABILITY = YES;
				GCC_C_LANGUAGE_STANDARD = gnu11;
				GCC_DYNAMIC_NO_PIC = NO;
				GCC_NO_COMMON_BLOCKS = YES;
				GCC_OPTIMIZATION_LEVEL = 0;
				GCC_PREPROCESSOR_DEFINITIONS = (
					"DEBUG=1",
					"$(inherited)",
				);
				GCC_WARN_64_TO_32_BIT_CONVERSION = YES;
				GCC_WARN_ABOUT_RETURN_TYPE = YES_ERROR;
				GCC_WARN_UNDECLARED_SELECTOR = YES;
				GCC_WARN_UNINITIALIZED_AUTOS = YES_AGGRESSIVE;
				GCC_WARN_UNUSED_FUNCTION = YES;
				GCC_WARN_UNUSED_VARIABLE = YES;
				IPHONEOS_DEPLOYMENT_TARGET = 14.4;
				MTL_ENABLE_DEBUG_INFO = INCLUDE_SOURCE;
				MTL_FAST_MATH = YES;
				ONLY_ACTIVE_ARCH = YES;
				SDKROOT = iphoneos;
				SWIFT_ACTIVE_COMPILATION_CONDITIONS = DEBUG;
				SWIFT_OPTIMIZATION_LEVEL = "-Onone";
			};
			name = Debug;
		};
		0072B6EB263187E9000E4BFB /* Release */ = {
			isa = XCBuildConfiguration;
			buildSettings = {
				ALWAYS_SEARCH_USER_PATHS = NO;
				CLANG_ANALYZER_NONNULL = YES;
				CLANG_ANALYZER_NUMBER_OBJECT_CONVERSION = YES_AGGRESSIVE;
				CLANG_CXX_LANGUAGE_STANDARD = "gnu++14";
				CLANG_CXX_LIBRARY = "libc++";
				CLANG_ENABLE_MODULES = YES;
				CLANG_ENABLE_OBJC_ARC = YES;
				CLANG_ENABLE_OBJC_WEAK = YES;
				CLANG_WARN_BLOCK_CAPTURE_AUTORELEASING = YES;
				CLANG_WARN_BOOL_CONVERSION = YES;
				CLANG_WARN_COMMA = YES;
				CLANG_WARN_CONSTANT_CONVERSION = YES;
				CLANG_WARN_DEPRECATED_OBJC_IMPLEMENTATIONS = YES;
				CLANG_WARN_DIRECT_OBJC_ISA_USAGE = YES_ERROR;
				CLANG_WARN_DOCUMENTATION_COMMENTS = YES;
				CLANG_WARN_EMPTY_BODY = YES;
				CLANG_WARN_ENUM_CONVERSION = YES;
				CLANG_WARN_INFINITE_RECURSION = YES;
				CLANG_WARN_INT_CONVERSION = YES;
				CLANG_WARN_NON_LITERAL_NULL_CONVERSION = YES;
				CLANG_WARN_OBJC_IMPLICIT_RETAIN_SELF = YES;
				CLANG_WARN_OBJC_LITERAL_CONVERSION = YES;
				CLANG_WARN_OBJC_ROOT_CLASS = YES_ERROR;
				CLANG_WARN_QUOTED_INCLUDE_IN_FRAMEWORK_HEADER = YES;
				CLANG_WARN_RANGE_LOOP_ANALYSIS = YES;
				CLANG_WARN_STRICT_PROTOTYPES = YES;
				CLANG_WARN_SUSPICIOUS_MOVE = YES;
				CLANG_WARN_UNGUARDED_AVAILABILITY = YES_AGGRESSIVE;
				CLANG_WARN_UNREACHABLE_CODE = YES;
				CLANG_WARN__DUPLICATE_METHOD_MATCH = YES;
				COPY_PHASE_STRIP = NO;
				DEBUG_INFORMATION_FORMAT = "dwarf-with-dsym";
				ENABLE_NS_ASSERTIONS = NO;
				ENABLE_STRICT_OBJC_MSGSEND = YES;
				GCC_C_LANGUAGE_STANDARD = gnu11;
				GCC_NO_COMMON_BLOCKS = YES;
				GCC_WARN_64_TO_32_BIT_CONVERSION = YES;
				GCC_WARN_ABOUT_RETURN_TYPE = YES_ERROR;
				GCC_WARN_UNDECLARED_SELECTOR = YES;
				GCC_WARN_UNINITIALIZED_AUTOS = YES_AGGRESSIVE;
				GCC_WARN_UNUSED_FUNCTION = YES;
				GCC_WARN_UNUSED_VARIABLE = YES;
				IPHONEOS_DEPLOYMENT_TARGET = 14.4;
				MTL_ENABLE_DEBUG_INFO = NO;
				MTL_FAST_MATH = YES;
				SDKROOT = iphoneos;
				SWIFT_COMPILATION_MODE = wholemodule;
				SWIFT_OPTIMIZATION_LEVEL = "-O";
				VALIDATE_PRODUCT = YES;
			};
			name = Release;
		};
		0072B6ED263187E9000E4BFB /* Debug */ = {
			isa = XCBuildConfiguration;
			buildSettings = {
				ASSETCATALOG_COMPILER_APPICON_NAME = AppIcon;
				ASSETCATALOG_COMPILER_GLOBAL_ACCENT_COLOR_NAME = AccentColor;
				CODE_SIGN_STYLE = Automatic;
				DEVELOPMENT_TEAM = D65YZ8K5P9;
				INFOPLIST_FILE = "Life Counter/Info.plist";
				LD_RUNPATH_SEARCH_PATHS = (
					"$(inherited)",
					"@executable_path/Frameworks",
				);
				PRODUCT_BUNDLE_IDENTIFIER = "test.Life-Counter";
				PRODUCT_NAME = "$(TARGET_NAME)";
				SWIFT_VERSION = 5.0;
				TARGETED_DEVICE_FAMILY = "1,2";
			};
			name = Debug;
		};
		0072B6EE263187E9000E4BFB /* Release */ = {
			isa = XCBuildConfiguration;
			buildSettings = {
				ASSETCATALOG_COMPILER_APPICON_NAME = AppIcon;
				ASSETCATALOG_COMPILER_GLOBAL_ACCENT_COLOR_NAME = AccentColor;
				CODE_SIGN_STYLE = Automatic;
				DEVELOPMENT_TEAM = D65YZ8K5P9;
				INFOPLIST_FILE = "Life Counter/Info.plist";
				LD_RUNPATH_SEARCH_PATHS = (
					"$(inherited)",
					"@executable_path/Frameworks",
				);
				PRODUCT_BUNDLE_IDENTIFIER = "test.Life-Counter";
				PRODUCT_NAME = "$(TARGET_NAME)";
				SWIFT_VERSION = 5.0;
				TARGETED_DEVICE_FAMILY = "1,2";
			};
			name = Release;
		};
		0072B6F0263187E9000E4BFB /* Debug */ = {
			isa = XCBuildConfiguration;
			buildSettings = {
				ALWAYS_EMBED_SWIFT_STANDARD_LIBRARIES = YES;
				BUNDLE_LOADER = "$(TEST_HOST)";
				CODE_SIGN_STYLE = Automatic;
				DEVELOPMENT_TEAM = D65YZ8K5P9;
				INFOPLIST_FILE = "Life CounterTests/Info.plist";
				IPHONEOS_DEPLOYMENT_TARGET = 14.4;
				LD_RUNPATH_SEARCH_PATHS = (
					"$(inherited)",
					"@executable_path/Frameworks",
					"@loader_path/Frameworks",
				);
				PRODUCT_BUNDLE_IDENTIFIER = "test.Life-CounterTests";
				PRODUCT_NAME = "$(TARGET_NAME)";
				SWIFT_VERSION = 5.0;
				TARGETED_DEVICE_FAMILY = "1,2";
				TEST_HOST = "$(BUILT_PRODUCTS_DIR)/Life Counter.app/Life Counter";
			};
			name = Debug;
		};
		0072B6F1263187E9000E4BFB /* Release */ = {
			isa = XCBuildConfiguration;
			buildSettings = {
				ALWAYS_EMBED_SWIFT_STANDARD_LIBRARIES = YES;
				BUNDLE_LOADER = "$(TEST_HOST)";
				CODE_SIGN_STYLE = Automatic;
				DEVELOPMENT_TEAM = D65YZ8K5P9;
				INFOPLIST_FILE = "Life CounterTests/Info.plist";
				IPHONEOS_DEPLOYMENT_TARGET = 14.4;
				LD_RUNPATH_SEARCH_PATHS = (
					"$(inherited)",
					"@executable_path/Frameworks",
					"@loader_path/Frameworks",
				);
				PRODUCT_BUNDLE_IDENTIFIER = "test.Life-CounterTests";
				PRODUCT_NAME = "$(TARGET_NAME)";
				SWIFT_VERSION = 5.0;
				TARGETED_DEVICE_FAMILY = "1,2";
				TEST_HOST = "$(BUILT_PRODUCTS_DIR)/Life Counter.app/Life Counter";
			};
			name = Release;
		};
		0072B6F3263187E9000E4BFB /* Debug */ = {
			isa = XCBuildConfiguration;
			buildSettings = {
				ALWAYS_EMBED_SWIFT_STANDARD_LIBRARIES = YES;
				CODE_SIGN_STYLE = Automatic;
				DEVELOPMENT_TEAM = D65YZ8K5P9;
				INFOPLIST_FILE = "Life CounterUITests/Info.plist";
				LD_RUNPATH_SEARCH_PATHS = (
					"$(inherited)",
					"@executable_path/Frameworks",
					"@loader_path/Frameworks",
				);
				PRODUCT_BUNDLE_IDENTIFIER = "test.Life-CounterUITests";
				PRODUCT_NAME = "$(TARGET_NAME)";
				SWIFT_VERSION = 5.0;
				TARGETED_DEVICE_FAMILY = "1,2";
				TEST_TARGET_NAME = "Life Counter";
			};
			name = Debug;
		};
		0072B6F4263187E9000E4BFB /* Release */ = {
			isa = XCBuildConfiguration;
			buildSettings = {
				ALWAYS_EMBED_SWIFT_STANDARD_LIBRARIES = YES;
				CODE_SIGN_STYLE = Automatic;
				DEVELOPMENT_TEAM = D65YZ8K5P9;
				INFOPLIST_FILE = "Life CounterUITests/Info.plist";
				LD_RUNPATH_SEARCH_PATHS = (
					"$(inherited)",
					"@executable_path/Frameworks",
					"@loader_path/Frameworks",
				);
				PRODUCT_BUNDLE_IDENTIFIER = "test.Life-CounterUITests";
				PRODUCT_NAME = "$(TARGET_NAME)";
				SWIFT_VERSION = 5.0;
				TARGETED_DEVICE_FAMILY = "1,2";
				TEST_TARGET_NAME = "Life Counter";
			};
			name = Release;
		};
/* End XCBuildConfiguration section */

/* Begin XCConfigurationList section */
		0072B6BD263187E8000E4BFB /* Build configuration list for PBXProject "Life Counter" */ = {
			isa = XCConfigurationList;
			buildConfigurations = (
				0072B6EA263187E9000E4BFB /* Debug */,
				0072B6EB263187E9000E4BFB /* Release */,
			);
			defaultConfigurationIsVisible = 0;
			defaultConfigurationName = Release;
		};
		0072B6EC263187E9000E4BFB /* Build configuration list for PBXNativeTarget "Life Counter" */ = {
			isa = XCConfigurationList;
			buildConfigurations = (
				0072B6ED263187E9000E4BFB /* Debug */,
				0072B6EE263187E9000E4BFB /* Release */,
			);
			defaultConfigurationIsVisible = 0;
			defaultConfigurationName = Release;
		};
		0072B6EF263187E9000E4BFB /* Build configuration list for PBXNativeTarget "Life CounterTests" */ = {
			isa = XCConfigurationList;
			buildConfigurations = (
				0072B6F0263187E9000E4BFB /* Debug */,
				0072B6F1263187E9000E4BFB /* Release */,
			);
			defaultConfigurationIsVisible = 0;
			defaultConfigurationName = Release;
		};
		0072B6F2263187E9000E4BFB /* Build configuration list for PBXNativeTarget "Life CounterUITests" */ = {
			isa = XCConfigurationList;
			buildConfigurations = (
				0072B6F3263187E9000E4BFB /* Debug */,
				0072B6F4263187E9000E4BFB /* Release */,
			);
			defaultConfigurationIsVisible = 0;
			defaultConfigurationName = Release;
		};
/* End XCConfigurationList section */
	};
	rootObject = 0072B6BA263187E8000E4BFB /* Project object */;
}
